
Microsoft Visual Studio Solution File, Format Version 11.00
# Visual Basic Express 2010
Project("{F184B08F-C81C-45F6-A57F-5ABD9991F28F}") = "append openmode", "append openmode\append openmode.vbproj", "{E6CC5C6F-EF74-4A1C-9E1B-B9832F7BEB60}"
EndProject
Global
	GlobalSection(SolutionConfigurationPlatforms) = preSolution
		Debug|x86 = Debug|x86
		Release|x86 = Release|x86
	EndGlobalSection
	GlobalSection(ProjectConfigurationPlatforms) = postSolution
		{E6CC5C6F-EF74-4A1C-9E1B-B9832F7BEB60}.Debug|x86.ActiveCfg = Debug|x86
		{E6CC5C6F-EF74-4A1C-9E1B-B9832F7BEB60}.Debug|x86.Build.0 = Debug|x86
		{E6CC5C6F-EF74-4A1C-9E1B-B9832F7BEB60}.Release|x86.ActiveCfg = Release|x86
		{E6CC5C6F-EF74-4A1C-9E1B-B9832F7BEB60}.Release|x86.Build.0 = Release|x86
	EndGlobalSection
	GlobalSection(SolutionProperties) = preSolution
		HideSolutionNode = FALSE
	EndGlobalSection
EndGlobal
